
Microsoft Visual Studio Solution File, Format Version 12.00
# Visual Studio 15
VisualStudioVersion = 15.0.28307.271
MinimumVisualStudioVersion = 10.0.40219.1
Project("{F2A71F9B-5D33-465A-A702-920D77279786}") = "FSharpLearning", "FSharpLearning\FSharpLearning.fsproj", "{633A006D-4F6D-4F4A-A449-EBB231FBCEFC}"
EndProject
Global
	GlobalSection(SolutionConfigurationPlatforms) = preSolution
		Debug|Any CPU = Debug|Any CPU
		Release|Any CPU = Release|Any CPU
	EndGlobalSection
	GlobalSection(ProjectConfigurationPlatforms) = postSolution
		{633A006D-4F6D-4F4A-A449-EBB231FBCEFC}.Debug|Any CPU.ActiveCfg = Debug|Any CPU
		{633A006D-4F6D-4F4A-A449-EBB231FBCEFC}.Debug|Any CPU.Build.0 = Debug|Any CPU
		{633A006D-4F6D-4F4A-A449-EBB231FBCEFC}.Release|Any CPU.ActiveCfg = Release|Any CPU
		{633A006D-4F6D-4F4A-A449-EBB231FBCEFC}.Release|Any CPU.Build.0 = Release|Any CPU
	EndGlobalSection
	GlobalSection(SolutionProperties) = preSolution
		HideSolutionNode = FALSE
	EndGlobalSection
	GlobalSection(ExtensibilityGlobals) = postSolution
		SolutionGuid = {0596F2C8-DA7D-4B3B-90D6-B2FC9C74C3F4}
	EndGlobalSection
EndGlobal
